
Microsoft Visual Studio Solution File, Format Version 12.00
# Visual Studio 15
VisualStudioVersion = 15.0.26124.0
MinimumVisualStudioVersion = 15.0.26124.0
Project("{FAE04EC0-301F-11D3-BF4B-00C04F79EFBC}") = "Penguin.Web.WebClientEx.Local", "Penguin.Web.WebClientEx.Local.csproj", "{D705D112-ED4C-4953-9258-B885C605D341}"
EndProject
Project("{FAE04EC0-301F-11D3-BF4B-00C04F79EFBC}") = "Penguin.Extensions.String.Local", "..\Penguin.Extensions.String\Penguin.Extensions.String.Local.csproj", "{6E682847-D1AB-4E4D-9C24-99E75291C89B}"
EndProject
Project("{FAE04EC0-301F-11D3-BF4B-00C04F79EFBC}") = "Penguin.Web.Http.Local", "..\Penguin.Web.Http\Penguin.Web.Http.Local.csproj", "{9B43D9AA-3004-4637-BBB1-30E04A3CAC8E}"
EndProject
Global
	GlobalSection(SolutionConfigurationPlatforms) = preSolution
		Debug|Any CPU = Debug|Any CPU
		Debug|x64 = Debug|x64
		Debug|x86 = Debug|x86
		Release|Any CPU = Release|Any CPU
		Release|x64 = Release|x64
		Release|x86 = Release|x86
	EndGlobalSection
	GlobalSection(SolutionProperties) = preSolution
		HideSolutionNode = FALSE
	EndGlobalSection
	GlobalSection(ProjectConfigurationPlatforms) = postSolution
		{D705D112-ED4C-4953-9258-B885C605D341}.Debug|Any CPU.ActiveCfg = Debug|Any CPU
		{D705D112-ED4C-4953-9258-B885C605D341}.Debug|Any CPU.Build.0 = Debug|Any CPU
		{D705D112-ED4C-4953-9258-B885C605D341}.Debug|x64.ActiveCfg = Debug|Any CPU
		{D705D112-ED4C-4953-9258-B885C605D341}.Debug|x64.Build.0 = Debug|Any CPU
		{D705D112-ED4C-4953-9258-B885C605D341}.Debug|x86.ActiveCfg = Debug|Any CPU
		{D705D112-ED4C-4953-9258-B885C605D341}.Debug|x86.Build.0 = Debug|Any CPU
		{D705D112-ED4C-4953-9258-B885C605D341}.Release|Any CPU.ActiveCfg = Release|Any CPU
		{D705D112-ED4C-4953-9258-B885C605D341}.Release|Any CPU.Build.0 = Release|Any CPU
		{D705D112-ED4C-4953-9258-B885C605D341}.Release|x64.ActiveCfg = Release|Any CPU
		{D705D112-ED4C-4953-9258-B885C605D341}.Release|x64.Build.0 = Release|Any CPU
		{D705D112-ED4C-4953-9258-B885C605D341}.Release|x86.ActiveCfg = Release|Any CPU
		{D705D112-ED4C-4953-9258-B885C605D341}.Release|x86.Build.0 = Release|Any CPU
		{6E682847-D1AB-4E4D-9C24-99E75291C89B}.Debug|Any CPU.ActiveCfg = Debug|Any CPU
		{6E682847-D1AB-4E4D-9C24-99E75291C89B}.Debug|Any CPU.Build.0 = Debug|Any CPU
		{6E682847-D1AB-4E4D-9C24-99E75291C89B}.Debug|x64.ActiveCfg = Debug|Any CPU
		{6E682847-D1AB-4E4D-9C24-99E75291C89B}.Debug|x64.Build.0 = Debug|Any CPU
		{6E682847-D1AB-4E4D-9C24-99E75291C89B}.Debug|x86.ActiveCfg = Debug|Any CPU
		{6E682847-D1AB-4E4D-9C24-99E75291C89B}.Debug|x86.Build.0 = Debug|Any CPU
		{6E682847-D1AB-4E4D-9C24-99E75291C89B}.Release|Any CPU.ActiveCfg = Release|Any CPU
		{6E682847-D1AB-4E4D-9C24-99E75291C89B}.Release|Any CPU.Build.0 = Release|Any CPU
		{6E682847-D1AB-4E4D-9C24-99E75291C89B}.Release|x64.ActiveCfg = Release|Any CPU
		{6E682847-D1AB-4E4D-9C24-99E75291C89B}.Release|x64.Build.0 = Release|Any CPU
		{6E682847-D1AB-4E4D-9C24-99E75291C89B}.Release|x86.ActiveCfg = Release|Any CPU
		{6E682847-D1AB-4E4D-9C24-99E75291C89B}.Release|x86.Build.0 = Release|Any CPU
		{9B43D9AA-3004-4637-BBB1-30E04A3CAC8E}.Debug|Any CPU.ActiveCfg = Debug|Any CPU
		{9B43D9AA-3004-4637-BBB1-30E04A3CAC8E}.Debug|Any CPU.Build.0 = Debug|Any CPU
		{9B43D9AA-3004-4637-BBB1-30E04A3CAC8E}.Debug|x64.ActiveCfg = Debug|Any CPU
		{9B43D9AA-3004-4637-BBB1-30E04A3CAC8E}.Debug|x64.Build.0 = Debug|Any CPU
		{9B43D9AA-3004-4637-BBB1-30E04A3CAC8E}.Debug|x86.ActiveCfg = Debug|Any CPU
		{9B43D9AA-3004-4637-BBB1-30E04A3CAC8E}.Debug|x86.Build.0 = Debug|Any CPU
		{9B43D9AA-3004-4637-BBB1-30E04A3CAC8E}.Release|Any CPU.ActiveCfg = Release|Any CPU
		{9B43D9AA-3004-4637-BBB1-30E04A3CAC8E}.Release|Any CPU.Build.0 = Release|Any CPU
		{9B43D9AA-3004-4637-BBB1-30E04A3CAC8E}.Release|x64.ActiveCfg = Release|Any CPU
		{9B43D9AA-3004-4637-BBB1-30E04A3CAC8E}.Release|x64.Build.0 = Release|Any CPU
		{9B43D9AA-3004-4637-BBB1-30E04A3CAC8E}.Release|x86.ActiveCfg = Release|Any CPU
		{9B43D9AA-3004-4637-BBB1-30E04A3CAC8E}.Release|x86.Build.0 = Release|Any CPU
	EndGlobalSection
EndGlobal
